
Microsoft Visual Studio Solution File, Format Version 12.00
# Visual Studio 15
VisualStudioVersion = 15.0.26730.16
MinimumVisualStudioVersion = 10.0.40219.1
Project("{9A19103F-16F7-4668-BE54-9A1E7A4F7556}") = "API", "API\API.csproj", "{219C80ED-7B44-41B0-A091-C32D7A61A886}"
EndProject
Project("{FAE04EC0-301F-11D3-BF4B-00C04F79EFBC}") = "IdentityServer", "IdentityServer\IdentityServer.csproj", "{6D8E5F07-C17D-4B44-99A5-165D050E1F45}"
EndProject
Global
	GlobalSection(SolutionConfigurationPlatforms) = preSolution
		Debug|Any CPU = Debug|Any CPU
		Release|Any CPU = Release|Any CPU
	EndGlobalSection
	GlobalSection(ProjectConfigurationPlatforms) = postSolution
		{219C80ED-7B44-41B0-A091-C32D7A61A886}.Debug|Any CPU.ActiveCfg = Debug|Any CPU
		{219C80ED-7B44-41B0-A091-C32D7A61A886}.Debug|Any CPU.Build.0 = Debug|Any CPU
		{219C80ED-7B44-41B0-A091-C32D7A61A886}.Release|Any CPU.ActiveCfg = Release|Any CPU
		{219C80ED-7B44-41B0-A091-C32D7A61A886}.Release|Any CPU.Build.0 = Release|Any CPU
		{6D8E5F07-C17D-4B44-99A5-165D050E1F45}.Debug|Any CPU.ActiveCfg = Debug|Any CPU
		{6D8E5F07-C17D-4B44-99A5-165D050E1F45}.Debug|Any CPU.Build.0 = Debug|Any CPU
		{6D8E5F07-C17D-4B44-99A5-165D050E1F45}.Release|Any CPU.ActiveCfg = Release|Any CPU
		{6D8E5F07-C17D-4B44-99A5-165D050E1F45}.Release|Any CPU.Build.0 = Release|Any CPU
	EndGlobalSection
	GlobalSection(SolutionProperties) = preSolution
		HideSolutionNode = FALSE
	EndGlobalSection
	GlobalSection(ExtensibilityGlobals) = postSolution
		SolutionGuid = {71E74CCE-A419-4C8E-83EA-BCD6D003C8FB}
	EndGlobalSection
EndGlobal
